
Microsoft Visual Studio Solution File, Format Version 12.00
# Visual Studio Version 17
VisualStudioVersion = 17.2.32519.379
MinimumVisualStudioVersion = 10.0.40219.1
Project("{FAE04EC0-301F-11D3-BF4B-00C04F79EFBC}") = "ProxyPattern", "ProxyPattern\ProxyPattern.csproj", "{6813599F-9C55-4DE6-9A93-515D32C45D02}"
EndProject
Global
	GlobalSection(SolutionConfigurationPlatforms) = preSolution
		Debug|Any CPU = Debug|Any CPU
		Release|Any CPU = Release|Any CPU
	EndGlobalSection
	GlobalSection(ProjectConfigurationPlatforms) = postSolution
		{6813599F-9C55-4DE6-9A93-515D32C45D02}.Debug|Any CPU.ActiveCfg = Debug|Any CPU
		{6813599F-9C55-4DE6-9A93-515D32C45D02}.Debug|Any CPU.Build.0 = Debug|Any CPU
		{6813599F-9C55-4DE6-9A93-515D32C45D02}.Release|Any CPU.ActiveCfg = Release|Any CPU
		{6813599F-9C55-4DE6-9A93-515D32C45D02}.Release|Any CPU.Build.0 = Release|Any CPU
	EndGlobalSection
	GlobalSection(SolutionProperties) = preSolution
		HideSolutionNode = FALSE
	EndGlobalSection
	GlobalSection(ExtensibilityGlobals) = postSolution
		SolutionGuid = {31CE6538-A779-41FF-A1C5-120977734E5A}
	EndGlobalSection
EndGlobal
