
Microsoft Visual Studio Solution File, Format Version 12.00
# Visual Studio Version 16
VisualStudioVersion = 16.0.31729.503
MinimumVisualStudioVersion = 10.0.40219.1
Project("{FAE04EC0-301F-11D3-BF4B-00C04F79EFBC}") = "ChainOfResponsability", "ChainOfResponsability\ChainOfResponsability.csproj", "{53674F3E-260E-4132-A8B6-9C0DE505C9D4}"
EndProject
Global
	GlobalSection(SolutionConfigurationPlatforms) = preSolution
		Debug|Any CPU = Debug|Any CPU
		Release|Any CPU = Release|Any CPU
	EndGlobalSection
	GlobalSection(ProjectConfigurationPlatforms) = postSolution
		{53674F3E-260E-4132-A8B6-9C0DE505C9D4}.Debug|Any CPU.ActiveCfg = Debug|Any CPU
		{53674F3E-260E-4132-A8B6-9C0DE505C9D4}.Debug|Any CPU.Build.0 = Debug|Any CPU
		{53674F3E-260E-4132-A8B6-9C0DE505C9D4}.Release|Any CPU.ActiveCfg = Release|Any CPU
		{53674F3E-260E-4132-A8B6-9C0DE505C9D4}.Release|Any CPU.Build.0 = Release|Any CPU
	EndGlobalSection
	GlobalSection(SolutionProperties) = preSolution
		HideSolutionNode = FALSE
	EndGlobalSection
	GlobalSection(ExtensibilityGlobals) = postSolution
		SolutionGuid = {3DEF0F1B-01FC-473A-92C5-98C1AE90E04C}
	EndGlobalSection
EndGlobal
