
Microsoft Visual Studio Solution File, Format Version 12.00
# Visual Studio Version 17
VisualStudioVersion = 17.2.32519.379
MinimumVisualStudioVersion = 10.0.40219.1
Project("{FAE04EC0-301F-11D3-BF4B-00C04F79EFBC}") = "BuilderPattern", "BuilderPattern\BuilderPattern.csproj", "{CD75E00F-DD7B-4E4C-86B3-69CE1A771D38}"
EndProject
Global
	GlobalSection(SolutionConfigurationPlatforms) = preSolution
		Debug|Any CPU = Debug|Any CPU
		Release|Any CPU = Release|Any CPU
	EndGlobalSection
	GlobalSection(ProjectConfigurationPlatforms) = postSolution
		{CD75E00F-DD7B-4E4C-86B3-69CE1A771D38}.Debug|Any CPU.ActiveCfg = Debug|Any CPU
		{CD75E00F-DD7B-4E4C-86B3-69CE1A771D38}.Debug|Any CPU.Build.0 = Debug|Any CPU
		{CD75E00F-DD7B-4E4C-86B3-69CE1A771D38}.Release|Any CPU.ActiveCfg = Release|Any CPU
		{CD75E00F-DD7B-4E4C-86B3-69CE1A771D38}.Release|Any CPU.Build.0 = Release|Any CPU
	EndGlobalSection
	GlobalSection(SolutionProperties) = preSolution
		HideSolutionNode = FALSE
	EndGlobalSection
	GlobalSection(ExtensibilityGlobals) = postSolution
		SolutionGuid = {12287244-2F18-4785-ADB8-A80DAF9F0BF9}
	EndGlobalSection
EndGlobal
