
Microsoft Visual Studio Solution File, Format Version 12.00
# Visual Studio Version 17
VisualStudioVersion = 17.2.32519.379
MinimumVisualStudioVersion = 10.0.40219.1
Project("{FAE04EC0-301F-11D3-BF4B-00C04F79EFBC}") = "FlyweightPattern", "FlyweightPattern\FlyweightPattern.csproj", "{16695758-DEC2-42B7-BFE2-C275E3148930}"
EndProject
Global
	GlobalSection(SolutionConfigurationPlatforms) = preSolution
		Debug|Any CPU = Debug|Any CPU
		Release|Any CPU = Release|Any CPU
	EndGlobalSection
	GlobalSection(ProjectConfigurationPlatforms) = postSolution
		{16695758-DEC2-42B7-BFE2-C275E3148930}.Debug|Any CPU.ActiveCfg = Debug|Any CPU
		{16695758-DEC2-42B7-BFE2-C275E3148930}.Debug|Any CPU.Build.0 = Debug|Any CPU
		{16695758-DEC2-42B7-BFE2-C275E3148930}.Release|Any CPU.ActiveCfg = Release|Any CPU
		{16695758-DEC2-42B7-BFE2-C275E3148930}.Release|Any CPU.Build.0 = Release|Any CPU
	EndGlobalSection
	GlobalSection(SolutionProperties) = preSolution
		HideSolutionNode = FALSE
	EndGlobalSection
	GlobalSection(ExtensibilityGlobals) = postSolution
		SolutionGuid = {977D9B27-F029-47EF-9E8E-E4112C93F5C7}
	EndGlobalSection
EndGlobal
