
Microsoft Visual Studio Solution File, Format Version 12.00
# Visual Studio Version 17
VisualStudioVersion = 17.2.32519.379
MinimumVisualStudioVersion = 10.0.40219.1
Project("{FAE04EC0-301F-11D3-BF4B-00C04F79EFBC}") = "SingletonPattern", "SingletonPattern.csproj", "{0AE73E58-45D6-4A6A-9BBD-5812DC7E16E6}"
EndProject
Global
	GlobalSection(SolutionConfigurationPlatforms) = preSolution
		Debug|Any CPU = Debug|Any CPU
		Release|Any CPU = Release|Any CPU
	EndGlobalSection
	GlobalSection(ProjectConfigurationPlatforms) = postSolution
		{0AE73E58-45D6-4A6A-9BBD-5812DC7E16E6}.Debug|Any CPU.ActiveCfg = Debug|Any CPU
		{0AE73E58-45D6-4A6A-9BBD-5812DC7E16E6}.Debug|Any CPU.Build.0 = Debug|Any CPU
		{0AE73E58-45D6-4A6A-9BBD-5812DC7E16E6}.Release|Any CPU.ActiveCfg = Release|Any CPU
		{0AE73E58-45D6-4A6A-9BBD-5812DC7E16E6}.Release|Any CPU.Build.0 = Release|Any CPU
	EndGlobalSection
	GlobalSection(SolutionProperties) = preSolution
		HideSolutionNode = FALSE
	EndGlobalSection
	GlobalSection(ExtensibilityGlobals) = postSolution
		SolutionGuid = {8DCA8D04-C29F-4F95-821B-5119FC26F466}
	EndGlobalSection
EndGlobal
