
Microsoft Visual Studio Solution File, Format Version 12.00
# Visual Studio Version 17
VisualStudioVersion = 17.2.32519.379
MinimumVisualStudioVersion = 10.0.40219.1
Project("{FAE04EC0-301F-11D3-BF4B-00C04F79EFBC}") = "SingletonPattern", "SingletonPattern\SingletonPattern.csproj", "{B4B2674E-C2AC-469E-AFBE-455624CC8519}"
EndProject
Global
	GlobalSection(SolutionConfigurationPlatforms) = preSolution
		Debug|Any CPU = Debug|Any CPU
		Release|Any CPU = Release|Any CPU
	EndGlobalSection
	GlobalSection(ProjectConfigurationPlatforms) = postSolution
		{B4B2674E-C2AC-469E-AFBE-455624CC8519}.Debug|Any CPU.ActiveCfg = Debug|Any CPU
		{B4B2674E-C2AC-469E-AFBE-455624CC8519}.Debug|Any CPU.Build.0 = Debug|Any CPU
		{B4B2674E-C2AC-469E-AFBE-455624CC8519}.Release|Any CPU.ActiveCfg = Release|Any CPU
		{B4B2674E-C2AC-469E-AFBE-455624CC8519}.Release|Any CPU.Build.0 = Release|Any CPU
	EndGlobalSection
	GlobalSection(SolutionProperties) = preSolution
		HideSolutionNode = FALSE
	EndGlobalSection
	GlobalSection(ExtensibilityGlobals) = postSolution
		SolutionGuid = {E5D3A812-AD6F-43C8-9A17-04A8F6CC3F59}
	EndGlobalSection
EndGlobal
