
Microsoft Visual Studio Solution File, Format Version 12.00
# Visual Studio Version 17
VisualStudioVersion = 17.2.32519.379
MinimumVisualStudioVersion = 10.0.40219.1
Project("{FAE04EC0-301F-11D3-BF4B-00C04F79EFBC}") = "MediatorPattern", "MediatorPattern\MediatorPattern.csproj", "{4E3B9E7B-0D95-447B-B5E2-E3DEFD23FC11}"
EndProject
Global
	GlobalSection(SolutionConfigurationPlatforms) = preSolution
		Debug|Any CPU = Debug|Any CPU
		Release|Any CPU = Release|Any CPU
	EndGlobalSection
	GlobalSection(ProjectConfigurationPlatforms) = postSolution
		{4E3B9E7B-0D95-447B-B5E2-E3DEFD23FC11}.Debug|Any CPU.ActiveCfg = Debug|Any CPU
		{4E3B9E7B-0D95-447B-B5E2-E3DEFD23FC11}.Debug|Any CPU.Build.0 = Debug|Any CPU
		{4E3B9E7B-0D95-447B-B5E2-E3DEFD23FC11}.Release|Any CPU.ActiveCfg = Release|Any CPU
		{4E3B9E7B-0D95-447B-B5E2-E3DEFD23FC11}.Release|Any CPU.Build.0 = Release|Any CPU
	EndGlobalSection
	GlobalSection(SolutionProperties) = preSolution
		HideSolutionNode = FALSE
	EndGlobalSection
	GlobalSection(ExtensibilityGlobals) = postSolution
		SolutionGuid = {1DDE77A3-4B45-4F70-8985-E013303F0483}
	EndGlobalSection
EndGlobal
