
Microsoft Visual Studio Solution File, Format Version 12.00
# Visual Studio Version 16
VisualStudioVersion = 16.0.31729.503
MinimumVisualStudioVersion = 10.0.40219.1
Project("{FAE04EC0-301F-11D3-BF4B-00C04F79EFBC}") = "AbstractFactory", "AbstractFactory\AbstractFactory.csproj", "{DB96B909-47BA-4A2E-88CA-910C6841C9B5}"
EndProject
Global
	GlobalSection(SolutionConfigurationPlatforms) = preSolution
		Debug|Any CPU = Debug|Any CPU
		Release|Any CPU = Release|Any CPU
	EndGlobalSection
	GlobalSection(ProjectConfigurationPlatforms) = postSolution
		{DB96B909-47BA-4A2E-88CA-910C6841C9B5}.Debug|Any CPU.ActiveCfg = Debug|Any CPU
		{DB96B909-47BA-4A2E-88CA-910C6841C9B5}.Debug|Any CPU.Build.0 = Debug|Any CPU
		{DB96B909-47BA-4A2E-88CA-910C6841C9B5}.Release|Any CPU.ActiveCfg = Release|Any CPU
		{DB96B909-47BA-4A2E-88CA-910C6841C9B5}.Release|Any CPU.Build.0 = Release|Any CPU
	EndGlobalSection
	GlobalSection(SolutionProperties) = preSolution
		HideSolutionNode = FALSE
	EndGlobalSection
	GlobalSection(ExtensibilityGlobals) = postSolution
		SolutionGuid = {39744B74-B518-4BC3-8E44-95CCCACE453E}
	EndGlobalSection
EndGlobal
