
Microsoft Visual Studio Solution File, Format Version 12.00
# Visual Studio Version 16
VisualStudioVersion = 16.0.31729.503
MinimumVisualStudioVersion = 10.0.40219.1
Project("{FAE04EC0-301F-11D3-BF4B-00C04F79EFBC}") = "BridgePattern", "BridgePattern\BridgePattern.csproj", "{5B9C2238-55A2-4740-BED7-9ED1C68E4463}"
EndProject
Global
	GlobalSection(SolutionConfigurationPlatforms) = preSolution
		Debug|Any CPU = Debug|Any CPU
		Release|Any CPU = Release|Any CPU
	EndGlobalSection
	GlobalSection(ProjectConfigurationPlatforms) = postSolution
		{5B9C2238-55A2-4740-BED7-9ED1C68E4463}.Debug|Any CPU.ActiveCfg = Debug|Any CPU
		{5B9C2238-55A2-4740-BED7-9ED1C68E4463}.Debug|Any CPU.Build.0 = Debug|Any CPU
		{5B9C2238-55A2-4740-BED7-9ED1C68E4463}.Release|Any CPU.ActiveCfg = Release|Any CPU
		{5B9C2238-55A2-4740-BED7-9ED1C68E4463}.Release|Any CPU.Build.0 = Release|Any CPU
	EndGlobalSection
	GlobalSection(SolutionProperties) = preSolution
		HideSolutionNode = FALSE
	EndGlobalSection
	GlobalSection(ExtensibilityGlobals) = postSolution
		SolutionGuid = {FC8A9DF2-741C-48E1-B8A2-92E21259808A}
	EndGlobalSection
EndGlobal
